# NOTICE: This lockfile contains some overrides from shard.override.yml
version: 2.0
shards:
  admiral:
    git: https://github.com/jwaldrip/admiral.cr.git
    version: 1.12.1

  ameba:
    git: https://github.com/crystal-ameba/ameba.git
    version: 0.14.3

  authly:
    git: https://github.com/azutoolkit/authly.git
    version: 1.1.1

  azu:
    git: https://github.com/azutoolkit/azu.git
    version: 0.1.8

  backtracer:
    git: https://github.com/sija/backtracer.cr.git
    version: 1.2.1

  bindata:
    git: https://github.com/spider-gazelle/bindata.git
    version: 1.9.1

  clear:
    git: https://github.com/anykeyh/clear.git
    version: 0.9+git.commit.dc5bcec0b5fa6871d479d487ab7cfc5e5b1ba16c

  crinja:
    git: https://github.com/straight-shoota/crinja.git
    version: 0.8.0

  db:
    git: https://github.com/crystal-lang/crystal-db.git
    version: 0.10.1

  exception_page:
    git: https://github.com/crystal-loot/exception_page.git
    version: 0.2.0

  faker:
    git: https://github.com/askn/faker.git
    version: 0.6.0

  flux:
    git: https://github.com/azutoolkit/flux.git
    version: 0.1.7

  generate:
    git: https://github.com/anykeyh/generate.cr.git
    version: 0.1.0+git.commit.f5dafc934a70e0ee2f246dddf3df44686f844da2

  inflector:
    git: https://github.com/anykeyh/inflector.cr.git
    version: 0.1.8+git.commit.dc5c898b0a834617d8b3ff73ac5a2239bd9fc019

  jwt:
    git: https://github.com/crystal-community/jwt.git
    version: 1.6.0

  marionette: # Overridden
    git: https://github.com/eliasjpr/marionette.git
    version: 0.3.0+git.commit.e62088de613a7f5002b5381478bc9e15c754d419

  openssl_ext:
    git: https://github.com/spider-gazelle/openssl_ext.git
    version: 2.1.5

  pg: # Overridden
    git: https://github.com/will/crystal-pg.git
    version: 0.23.2

  radix:
    git: https://github.com/luislavena/radix.git
    version: 0.4.1

  schema:
    git: https://github.com/eliasjpr/schema.git
    version: 0.2.1

