# NOTICE: This lockfile contains some overrides from shard.override.yml
version: 2.0
shards:
  admiral:
    git: https://github.com/jwaldrip/admiral.cr.git
    version: 1.12.1

  ameba:
    git: https://github.com/crystal-ameba/ameba.git
    version: 1.0.0

  authly:
    git: https://github.com/azutoolkit/authly.git
    version: 1.1.1

  azu:
    git: https://github.com/azutoolkit/azu.git
    version: 0.1.11

  backtracer:
    git: https://github.com/sija/backtracer.cr.git
    version: 1.2.1

  bindata:
    git: https://github.com/spider-gazelle/bindata.git
    version: 1.10.0

  clear:
    git: https://github.com/anykeyh/clear.git
    version: 0.9+git.commit.480289555c833793fa6964398fefec6b7e25168d

  crinja:
    git: https://github.com/straight-shoota/crinja.git
    version: 0.8.0

  datadog:
    git: https://github.com/jgaskins/datadog.git
    version: 0.1.0+git.commit.d68ff5dd17ee93476700aba1eb1c25d6c577ddd2

  db:
    git: https://github.com/crystal-lang/crystal-db.git
    version: 0.10.1

  exception_page:
    git: https://github.com/crystal-loot/exception_page.git
    version: 0.3.0

  faker:
    git: https://github.com/askn/faker.git
    version: 0.8.0

  flux:
    git: https://github.com/azutoolkit/flux.git
    version: 0.1.7

  generate:
    git: https://github.com/anykeyh/generate.cr.git
    version: 0.1.0+git.commit.f5dafc934a70e0ee2f246dddf3df44686f844da2

  inflector:
    git: https://github.com/anykeyh/inflector.cr.git
    version: 0.1.8+git.commit.dc5c898b0a834617d8b3ff73ac5a2239bd9fc019

  jwt:
    git: https://github.com/crystal-community/jwt.git
    version: 1.6.0

  marionette: # Overridden
    git: https://github.com/eliasjpr/marionette.git
    version: 0.3.0+git.commit.e62088de613a7f5002b5381478bc9e15c754d419

  msgpack:
    git: https://github.com/crystal-community/msgpack-crystal.git
    version: 1.2.0

  openssl_ext:
    git: https://github.com/spider-gazelle/openssl_ext.git
    version: 2.1.5

  pg: # Overridden
    git: https://github.com/will/crystal-pg.git
    version: 0.23.2

  pool:
    git: https://github.com/ysbaddaden/pool.git
    version: 0.2.4

  radix:
    git: https://github.com/luislavena/radix.git
    version: 0.4.1

  redis:
    git: https://github.com/stefanwille/crystal-redis.git
    version: 2.8.3

  schema:
    git: https://github.com/eliasjpr/schema.git
    version: 0.2.1

  session:
    git: https://github.com/azutoolkit/session.git
    version: 1.0.4

  statsd:
    git: https://github.com/miketheman/statsd.cr.git
    version: 0.4.0+git.commit.f3a461ef7b6281fc4a199150c6838b94adcddc00

